
Microsoft Visual Studio Solution File, Format Version 12.00
# Visual Studio Version 17
VisualStudioVersion = 17.8.34511.84
MinimumVisualStudioVersion = 10.0.40219.1
Project("{9A19103F-16F7-4668-BE54-9A1E7A4F7556}") = "Day2", "Day2\Day2.csproj", "{5E0C0A88-366A-4704-AFB5-18076E7EB270}"
EndProject
Project("{FAE04EC0-301F-11D3-BF4B-00C04F79EFBC}") = "ReferenceTypes", "ReferenceTypes\ReferenceTypes.csproj", "{DA2ACCFF-CDE2-4B3D-B919-495194FB12C1}"
EndProject
Project("{FAE04EC0-301F-11D3-BF4B-00C04F79EFBC}") = "Constructors", "Constructors\Constructors.csproj", "{6C62A7CF-F634-45EE-A5CB-ED0ACD7189B9}"
EndProject
Global
	GlobalSection(SolutionConfigurationPlatforms) = preSolution
		Debug|Any CPU = Debug|Any CPU
		Release|Any CPU = Release|Any CPU
	EndGlobalSection
	GlobalSection(ProjectConfigurationPlatforms) = postSolution
		{5E0C0A88-366A-4704-AFB5-18076E7EB270}.Debug|Any CPU.ActiveCfg = Debug|Any CPU
		{5E0C0A88-366A-4704-AFB5-18076E7EB270}.Debug|Any CPU.Build.0 = Debug|Any CPU
		{5E0C0A88-366A-4704-AFB5-18076E7EB270}.Release|Any CPU.ActiveCfg = Release|Any CPU
		{5E0C0A88-366A-4704-AFB5-18076E7EB270}.Release|Any CPU.Build.0 = Release|Any CPU
		{DA2ACCFF-CDE2-4B3D-B919-495194FB12C1}.Debug|Any CPU.ActiveCfg = Debug|Any CPU
		{DA2ACCFF-CDE2-4B3D-B919-495194FB12C1}.Debug|Any CPU.Build.0 = Debug|Any CPU
		{DA2ACCFF-CDE2-4B3D-B919-495194FB12C1}.Release|Any CPU.ActiveCfg = Release|Any CPU
		{DA2ACCFF-CDE2-4B3D-B919-495194FB12C1}.Release|Any CPU.Build.0 = Release|Any CPU
		{6C62A7CF-F634-45EE-A5CB-ED0ACD7189B9}.Debug|Any CPU.ActiveCfg = Debug|Any CPU
		{6C62A7CF-F634-45EE-A5CB-ED0ACD7189B9}.Debug|Any CPU.Build.0 = Debug|Any CPU
		{6C62A7CF-F634-45EE-A5CB-ED0ACD7189B9}.Release|Any CPU.ActiveCfg = Release|Any CPU
		{6C62A7CF-F634-45EE-A5CB-ED0ACD7189B9}.Release|Any CPU.Build.0 = Release|Any CPU
	EndGlobalSection
	GlobalSection(SolutionProperties) = preSolution
		HideSolutionNode = FALSE
	EndGlobalSection
	GlobalSection(ExtensibilityGlobals) = postSolution
		SolutionGuid = {8617FA4A-2E06-4D46-B0B6-1FC7EA575014}
	EndGlobalSection
EndGlobal
